// !$*UTF8*$!
{
	archiveVersion = 1;
	classes = {
	};
	objectVersion = 77;
	objects = {

/* Begin PBXBuildFile section */
		2C3C4D2D2DFCBFEC005E2C14 /* FirebaseAI in Frameworks */ = {isa = PBXBuildFile; productRef = 2C3C4D2C2DFCBFEC005E2C14 /* FirebaseAI */; };
		2C3C4D2F2DFCBFEC005E2C14 /* FirebaseAnalytics in Frameworks */ = {isa = PBXBuildFile; productRef = 2C3C4D2E2DFCBFEC005E2C14 /* FirebaseAnalytics */; };
		2C3C4D312DFCBFEC005E2C14 /* FirebaseAnalyticsCore in Frameworks */ = {isa = PBXBuildFile; productRef = 2C3C4D302DFCBFEC005E2C14 /* FirebaseAnalyticsCore */; };
		2C3C4D332DFCBFEC005E2C14 /* FirebaseAnalyticsIdentitySupport in Frameworks */ = {isa = PBXBuildFile; productRef = 2C3C4D322DFCBFEC005E2C14 /* FirebaseAnalyticsIdentitySupport */; };
		2C3C4D352DFCBFEC005E2C14 /* FirebaseAuth in Frameworks */ = {isa = PBXBuildFile; productRef = 2C3C4D342DFCBFEC005E2C14 /* FirebaseAuth */; };
		2C3C4D372DFCBFEC005E2C14 /* FirebaseAuthCombine-Community in Frameworks */ = {isa = PBXBuildFile; productRef = 2C3C4D362DFCBFEC005E2C14 /* FirebaseAuthCombine-Community */; };
		2C3C4D392DFCBFEC005E2C14 /* FirebaseCore in Frameworks */ = {isa = PBXBuildFile; productRef = 2C3C4D382DFCBFEC005E2C14 /* FirebaseCore */; };
		2C3C4D3B2DFCBFEC005E2C14 /* FirebaseCrashlytics in Frameworks */ = {isa = PBXBuildFile; productRef = 2C3C4D3A2DFCBFEC005E2C14 /* FirebaseCrashlytics */; };
		2C3C4D3D2DFCBFEC005E2C14 /* FirebaseDatabase in Frameworks */ = {isa = PBXBuildFile; productRef = 2C3C4D3C2DFCBFEC005E2C14 /* FirebaseDatabase */; };
		2C3C4D3F2DFCBFEC005E2C14 /* FirebaseFirestore in Frameworks */ = {isa = PBXBuildFile; productRef = 2C3C4D3E2DFCBFEC005E2C14 /* FirebaseFirestore */; };
		2C3C4D412DFCBFEC005E2C14 /* FirebaseFirestoreCombine-Community in Frameworks */ = {isa = PBXBuildFile; productRef = 2C3C4D402DFCBFEC005E2C14 /* FirebaseFirestoreCombine-Community */; };
		2C3C4D432DFCBFEC005E2C14 /* FirebaseFunctions in Frameworks */ = {isa = PBXBuildFile; productRef = 2C3C4D422DFCBFEC005E2C14 /* FirebaseFunctions */; };
		2C3C4D452DFCBFEC005E2C14 /* FirebaseVertexAI in Frameworks */ = {isa = PBXBuildFile; productRef = 2C3C4D442DFCBFEC005E2C14 /* FirebaseVertexAI */; };
		2C49A1832E049C9200256CEA /* FirebaseMessaging in Frameworks */ = {isa = PBXBuildFile; productRef = 2C49A1822E049C9200256CEA /* FirebaseMessaging */; };
		2C7E99832DFE8262002E2A07 /* Kingfisher in Frameworks */ = {isa = PBXBuildFile; productRef = 2C7E99822DFE8262002E2A07 /* Kingfisher */; };
		2C7E99BE2DFE8320002E2A07 /* FirebaseStorage in Frameworks */ = {isa = PBXBuildFile; productRef = 2C7E99BD2DFE8320002E2A07 /* FirebaseStorage */; };
		2C9321D32E05081A002A4721 /* ReceiptParser in Frameworks */ = {isa = PBXBuildFile; productRef = 2C9321D22E05081A002A4721 /* ReceiptParser */; };
		2C9321D72E05081A002A4721 /* RevenueCatUI in Frameworks */ = {isa = PBXBuildFile; productRef = 2C9321D62E05081A002A4721 /* RevenueCatUI */; };
/* End PBXBuildFile section */

/* Begin PBXFileReference section */
		2C3C4B932DFB72F5005E2C14 /* FoodStickerJarApp.app */ = {isa = PBXFileReference; explicitFileType = wrapper.application; includeInIndex = 0; path = FoodStickerJarApp.app; sourceTree = BUILT_PRODUCTS_DIR; };
/* End PBXFileReference section */

/* Begin PBXFileSystemSynchronizedRootGroup section */
		2C3C4B952DFB72F5005E2C14 /* FoodStickerJarApp */ = {
			isa = PBXFileSystemSynchronizedRootGroup;
			path = FoodStickerJarApp;
			sourceTree = "<group>";
		};
/* End PBXFileSystemSynchronizedRootGroup section */

/* Begin PBXFrameworksBuildPhase section */
		2C3C4B902DFB72F5005E2C14 /* Frameworks */ = {
			isa = PBXFrameworksBuildPhase;
			buildActionMask = 2147483647;
			files = (
				2C49A1832E049C9200256CEA /* FirebaseMessaging in Frameworks */,
				2C3C4D332DFCBFEC005E2C14 /* FirebaseAnalyticsIdentitySupport in Frameworks */,
				2C9321D72E05081A002A4721 /* RevenueCatUI in Frameworks */,
				2C3C4D372DFCBFEC005E2C14 /* FirebaseAuthCombine-Community in Frameworks */,
				2C7E99832DFE8262002E2A07 /* Kingfisher in Frameworks */,
				2C3C4D352DFCBFEC005E2C14 /* FirebaseAuth in Frameworks */,
				2C3C4D432DFCBFEC005E2C14 /* FirebaseFunctions in Frameworks */,
				2C3C4D3F2DFCBFEC005E2C14 /* FirebaseFirestore in Frameworks */,
				2C3C4D2F2DFCBFEC005E2C14 /* FirebaseAnalytics in Frameworks */,
				2C3C4D412DFCBFEC005E2C14 /* FirebaseFirestoreCombine-Community in Frameworks */,
				2C7E99BE2DFE8320002E2A07 /* FirebaseStorage in Frameworks */,
				2C3C4D392DFCBFEC005E2C14 /* FirebaseCore in Frameworks */,
				2C3C4D3B2DFCBFEC005E2C14 /* FirebaseCrashlytics in Frameworks */,
				2C3C4D3D2DFCBFEC005E2C14 /* FirebaseDatabase in Frameworks */,
				2C9321D32E05081A002A4721 /* ReceiptParser in Frameworks */,
				2C3C4D312DFCBFEC005E2C14 /* FirebaseAnalyticsCore in Frameworks */,
				2C3C4D452DFCBFEC005E2C14 /* FirebaseVertexAI in Frameworks */,
				2C3C4D2D2DFCBFEC005E2C14 /* FirebaseAI in Frameworks */,
			);
			runOnlyForDeploymentPostprocessing = 0;
		};
/* End PBXFrameworksBuildPhase section */

/* Begin PBXGroup section */
		2C3C4B8A2DFB72F5005E2C14 = {
			isa = PBXGroup;
			children = (
				2C3C4B952DFB72F5005E2C14 /* FoodStickerJarApp */,
				2C3C4B942DFB72F5005E2C14 /* Products */,
			);
			sourceTree = "<group>";
		};
		2C3C4B942DFB72F5005E2C14 /* Products */ = {
			isa = PBXGroup;
			children = (
				2C3C4B932DFB72F5005E2C14 /* FoodStickerJarApp.app */,
			);
			name = Products;
			sourceTree = "<group>";
		};
/* End PBXGroup section */

/* Begin PBXNativeTarget section */
		2C3C4B922DFB72F5005E2C14 /* FoodStickerJarApp */ = {
			isa = PBXNativeTarget;
			buildConfigurationList = 2C3C4B9E2DFB72F6005E2C14 /* Build configuration list for PBXNativeTarget "FoodStickerJarApp" */;
			buildPhases = (
				2C3C4B8F2DFB72F5005E2C14 /* Sources */,
				2C3C4B902DFB72F5005E2C14 /* Frameworks */,
				2C3C4B912DFB72F5005E2C14 /* Resources */,
			);
			buildRules = (
			);
			dependencies = (
			);
			fileSystemSynchronizedGroups = (
				2C3C4B952DFB72F5005E2C14 /* FoodStickerJarApp */,
			);
			name = FoodStickerJarApp;
			packageProductDependencies = (
				2C3C4D2C2DFCBFEC005E2C14 /* FirebaseAI */,
				2C3C4D2E2DFCBFEC005E2C14 /* FirebaseAnalytics */,
				2C3C4D302DFCBFEC005E2C14 /* FirebaseAnalyticsCore */,
				2C3C4D322DFCBFEC005E2C14 /* FirebaseAnalyticsIdentitySupport */,
				2C3C4D342DFCBFEC005E2C14 /* FirebaseAuth */,
				2C3C4D362DFCBFEC005E2C14 /* FirebaseAuthCombine-Community */,
				2C3C4D382DFCBFEC005E2C14 /* FirebaseCore */,
				2C3C4D3A2DFCBFEC005E2C14 /* FirebaseCrashlytics */,
				2C3C4D3C2DFCBFEC005E2C14 /* FirebaseDatabase */,
				2C3C4D3E2DFCBFEC005E2C14 /* FirebaseFirestore */,
				2C3C4D402DFCBFEC005E2C14 /* FirebaseFirestoreCombine-Community */,
				2C3C4D422DFCBFEC005E2C14 /* FirebaseFunctions */,
				2C3C4D442DFCBFEC005E2C14 /* FirebaseVertexAI */,
				2C7E99822DFE8262002E2A07 /* Kingfisher */,
				2C7E99BD2DFE8320002E2A07 /* FirebaseStorage */,
				2C49A1822E049C9200256CEA /* FirebaseMessaging */,
				2C9321D22E05081A002A4721 /* ReceiptParser */,
				2C9321D62E05081A002A4721 /* RevenueCatUI */,
			);
			productName = FoodStickerJarApp;
			productReference = 2C3C4B932DFB72F5005E2C14 /* FoodStickerJarApp.app */;
			productType = "com.apple.product-type.application";
		};
/* End PBXNativeTarget section */

/* Begin PBXProject section */
		2C3C4B8B2DFB72F5005E2C14 /* Project object */ = {
			isa = PBXProject;
			attributes = {
				BuildIndependentTargetsInParallel = 1;
				LastSwiftUpdateCheck = 1630;
				LastUpgradeCheck = 1630;
				TargetAttributes = {
					2C3C4B922DFB72F5005E2C14 = {
						CreatedOnToolsVersion = 16.3;
					};
				};
			};
			buildConfigurationList = 2C3C4B8E2DFB72F5005E2C14 /* Build configuration list for PBXProject "FoodStickerJarApp" */;
			developmentRegion = en;
			hasScannedForEncodings = 0;
			knownRegions = (
				en,
				Base,
			);
			mainGroup = 2C3C4B8A2DFB72F5005E2C14;
			minimizedProjectReferenceProxies = 1;
			packageReferences = (
				2C3C4D2B2DFCBFEC005E2C14 /* XCRemoteSwiftPackageReference "firebase-ios-sdk" */,
				2C7E99812DFE8262002E2A07 /* XCRemoteSwiftPackageReference "Kingfisher" */,
				2C9321D12E05081A002A4721 /* XCRemoteSwiftPackageReference "purchases-ios" */,
			);
			preferredProjectObjectVersion = 77;
			productRefGroup = 2C3C4B942DFB72F5005E2C14 /* Products */;
			projectDirPath = "";
			projectRoot = "";
			targets = (
				2C3C4B922DFB72F5005E2C14 /* FoodStickerJarApp */,
			);
		};
/* End PBXProject section */

/* Begin PBXResourcesBuildPhase section */
		2C3C4B912DFB72F5005E2C14 /* Resources */ = {
			isa = PBXResourcesBuildPhase;
			buildActionMask = 2147483647;
			files = (
			);
			runOnlyForDeploymentPostprocessing = 0;
		};
/* End PBXResourcesBuildPhase section */

/* Begin PBXSourcesBuildPhase section */
		2C3C4B8F2DFB72F5005E2C14 /* Sources */ = {
			isa = PBXSourcesBuildPhase;
			buildActionMask = 2147483647;
			files = (
			);
			runOnlyForDeploymentPostprocessing = 0;
		};
/* End PBXSourcesBuildPhase section */

/* Begin XCBuildConfiguration section */
		2C3C4B9C2DFB72F6005E2C14 /* Debug */ = {
			isa = XCBuildConfiguration;
			baseConfigurationReferenceAnchor = 2C3C4B952DFB72F5005E2C14 /* FoodStickerJarApp */;
			baseConfigurationReferenceRelativePath = Secrets.xcconfig;
			buildSettings = {
				ALWAYS_SEARCH_USER_PATHS = NO;
				ASSETCATALOG_COMPILER_GENERATE_SWIFT_ASSET_SYMBOL_EXTENSIONS = YES;
				CLANG_ANALYZER_NONNULL = YES;
				CLANG_ANALYZER_NUMBER_OBJECT_CONVERSION = YES_AGGRESSIVE;
				CLANG_CXX_LANGUAGE_STANDARD = "gnu++20";
				CLANG_ENABLE_MODULES = YES;
				CLANG_ENABLE_OBJC_ARC = YES;
				CLANG_ENABLE_OBJC_WEAK = YES;
				CLANG_WARN_BLOCK_CAPTURE_AUTORELEASING = YES;
				CLANG_WARN_BOOL_CONVERSION = YES;
				CLANG_WARN_COMMA = YES;
				CLANG_WARN_CONSTANT_CONVERSION = YES;
				CLANG_WARN_DEPRECATED_OBJC_IMPLEMENTATIONS = YES;
				CLANG_WARN_DIRECT_OBJC_ISA_USAGE = YES_ERROR;
				CLANG_WARN_DOCUMENTATION_COMMENTS = YES;
				CLANG_WARN_EMPTY_BODY = YES;
				CLANG_WARN_ENUM_CONVERSION = YES;
				CLANG_WARN_INFINITE_RECURSION = YES;
				CLANG_WARN_INT_CONVERSION = YES;
				CLANG_WARN_NON_LITERAL_NULL_CONVERSION = YES;
				CLANG_WARN_OBJC_IMPLICIT_RETAIN_SELF = YES;
				CLANG_WARN_OBJC_LITERAL_CONVERSION = YES;
				CLANG_WARN_OBJC_ROOT_CLASS = YES_ERROR;
				CLANG_WARN_QUOTED_INCLUDE_IN_FRAMEWORK_HEADER = YES;
				CLANG_WARN_RANGE_LOOP_ANALYSIS = YES;
				CLANG_WARN_STRICT_PROTOTYPES = YES;
				CLANG_WARN_SUSPICIOUS_MOVE = YES;
				CLANG_WARN_UNGUARDED_AVAILABILITY = YES_AGGRESSIVE;
				CLANG_WARN_UNREACHABLE_CODE = YES;
				CLANG_WARN__DUPLICATE_METHOD_MATCH = YES;
				COPY_PHASE_STRIP = NO;
				DEBUG_INFORMATION_FORMAT = dwarf;
				ENABLE_STRICT_OBJC_MSGSEND = YES;
				ENABLE_TESTABILITY = YES;
				ENABLE_USER_SCRIPT_SANDBOXING = YES;
				GCC_C_LANGUAGE_STANDARD = gnu17;
				GCC_DYNAMIC_NO_PIC = NO;
				GCC_NO_COMMON_BLOCKS = YES;
				GCC_OPTIMIZATION_LEVEL = 0;
				GCC_PREPROCESSOR_DEFINITIONS = (
					"DEBUG=1",
					"$(inherited)",
				);
				GCC_WARN_64_TO_32_BIT_CONVERSION = YES;
				GCC_WARN_ABOUT_RETURN_TYPE = YES_ERROR;
				GCC_WARN_UNDECLARED_SELECTOR = YES;
				GCC_WARN_UNINITIALIZED_AUTOS = YES_AGGRESSIVE;
				GCC_WARN_UNUSED_FUNCTION = YES;
				GCC_WARN_UNUSED_VARIABLE = YES;
				IPHONEOS_DEPLOYMENT_TARGET = 18.4;
				LOCALIZATION_PREFERS_STRING_CATALOGS = YES;
				MTL_ENABLE_DEBUG_INFO = INCLUDE_SOURCE;
				MTL_FAST_MATH = YES;
				ONLY_ACTIVE_ARCH = YES;
				SDKROOT = iphoneos;
				SWIFT_ACTIVE_COMPILATION_CONDITIONS = "DEBUG $(inherited)";
				SWIFT_OPTIMIZATION_LEVEL = "-Onone";
			};
			name = Debug;
		};
		2C3C4B9D2DFB72F6005E2C14 /* Release */ = {
			isa = XCBuildConfiguration;
			baseConfigurationReferenceAnchor = 2C3C4B952DFB72F5005E2C14 /* FoodStickerJarApp */;
			baseConfigurationReferenceRelativePath = Secrets.xcconfig;
			buildSettings = {
				ALWAYS_SEARCH_USER_PATHS = NO;
				ASSETCATALOG_COMPILER_GENERATE_SWIFT_ASSET_SYMBOL_EXTENSIONS = YES;
				CLANG_ANALYZER_NONNULL = YES;
				CLANG_ANALYZER_NUMBER_OBJECT_CONVERSION = YES_AGGRESSIVE;
				CLANG_CXX_LANGUAGE_STANDARD = "gnu++20";
				CLANG_ENABLE_MODULES = YES;
				CLANG_ENABLE_OBJC_ARC = YES;
				CLANG_ENABLE_OBJC_WEAK = YES;
				CLANG_WARN_BLOCK_CAPTURE_AUTORELEASING = YES;
				CLANG_WARN_BOOL_CONVERSION = YES;
				CLANG_WARN_COMMA = YES;
				CLANG_WARN_CONSTANT_CONVERSION = YES;
				CLANG_WARN_DEPRECATED_OBJC_IMPLEMENTATIONS = YES;
				CLANG_WARN_DIRECT_OBJC_ISA_USAGE = YES_ERROR;
				CLANG_WARN_DOCUMENTATION_COMMENTS = YES;
				CLANG_WARN_EMPTY_BODY = YES;
				CLANG_WARN_ENUM_CONVERSION = YES;
				CLANG_WARN_INFINITE_RECURSION = YES;
				CLANG_WARN_INT_CONVERSION = YES;
				CLANG_WARN_NON_LITERAL_NULL_CONVERSION = YES;
				CLANG_WARN_OBJC_IMPLICIT_RETAIN_SELF = YES;
				CLANG_WARN_OBJC_LITERAL_CONVERSION = YES;
				CLANG_WARN_OBJC_ROOT_CLASS = YES_ERROR;
				CLANG_WARN_QUOTED_INCLUDE_IN_FRAMEWORK_HEADER = YES;
				CLANG_WARN_RANGE_LOOP_ANALYSIS = YES;
				CLANG_WARN_STRICT_PROTOTYPES = YES;
				CLANG_WARN_SUSPICIOUS_MOVE = YES;
				CLANG_WARN_UNGUARDED_AVAILABILITY = YES_AGGRESSIVE;
				CLANG_WARN_UNREACHABLE_CODE = YES;
				CLANG_WARN__DUPLICATE_METHOD_MATCH = YES;
				COPY_PHASE_STRIP = NO;
				DEBUG_INFORMATION_FORMAT = "dwarf-with-dsym";
				ENABLE_NS_ASSERTIONS = NO;
				ENABLE_STRICT_OBJC_MSGSEND = YES;
				ENABLE_USER_SCRIPT_SANDBOXING = YES;
				GCC_C_LANGUAGE_STANDARD = gnu17;
				GCC_NO_COMMON_BLOCKS = YES;
				GCC_WARN_64_TO_32_BIT_CONVERSION = YES;
				GCC_WARN_ABOUT_RETURN_TYPE = YES_ERROR;
				GCC_WARN_UNDECLARED_SELECTOR = YES;
				GCC_WARN_UNINITIALIZED_AUTOS = YES_AGGRESSIVE;
				GCC_WARN_UNUSED_FUNCTION = YES;
				GCC_WARN_UNUSED_VARIABLE = YES;
				IPHONEOS_DEPLOYMENT_TARGET = 18.4;
				LOCALIZATION_PREFERS_STRING_CATALOGS = YES;
				MTL_ENABLE_DEBUG_INFO = NO;
				MTL_FAST_MATH = YES;
				SDKROOT = iphoneos;
				SWIFT_COMPILATION_MODE = wholemodule;
				VALIDATE_PRODUCT = YES;
			};
			name = Release;
		};
		2C3C4B9F2DFB72F6005E2C14 /* Debug */ = {
			isa = XCBuildConfiguration;
			baseConfigurationReferenceAnchor = 2C3C4B952DFB72F5005E2C14 /* FoodStickerJarApp */;
			baseConfigurationReferenceRelativePath = Secrets.xcconfig;
			buildSettings = {
				ASSETCATALOG_COMPILER_APPICON_NAME = AppIcon;
				ASSETCATALOG_COMPILER_GLOBAL_ACCENT_COLOR_NAME = AccentColor;
				CODE_SIGN_ENTITLEMENTS = FoodStickerJarApp/FoodStickerJarApp.entitlements;
				CODE_SIGN_STYLE = Automatic;
				CURRENT_PROJECT_VERSION = 2;
				DEVELOPMENT_TEAM = 2MLHSW6S86;
				ENABLE_PREVIEWS = YES;
				GENERATE_INFOPLIST_FILE = YES;
				INFOPLIST_FILE = "";
				INFOPLIST_KEY_CFBundleDisplayName = Jas;
				INFOPLIST_KEY_NSCameraUsageDescription = "Use your camera to capture food!";
				INFOPLIST_KEY_UIApplicationSceneManifest_Generation = YES;
				INFOPLIST_KEY_UIApplicationSupportsIndirectInputEvents = YES;
				INFOPLIST_KEY_UILaunchScreen_Generation = YES;
				INFOPLIST_KEY_UISupportedInterfaceOrientations_iPad = "UIInterfaceOrientationPortrait UIInterfaceOrientationPortraitUpsideDown UIInterfaceOrientationLandscapeLeft UIInterfaceOrientationLandscapeRight";
				INFOPLIST_KEY_UISupportedInterfaceOrientations_iPhone = "UIInterfaceOrientationPortrait UIInterfaceOrientationLandscapeLeft UIInterfaceOrientationLandscapeRight";
				IPHONEOS_DEPLOYMENT_TARGET = 18.0;
				LD_RUNPATH_SEARCH_PATHS = (
					"$(inherited)",
					"@executable_path/Frameworks",
				);
				MARKETING_VERSION = 1.4;
				PRODUCT_BUNDLE_IDENTIFIER = yanffyy.xyz.FoodStickerJarApp;
				PRODUCT_NAME = "$(TARGET_NAME)";
				SUPPORTED_PLATFORMS = "iphoneos iphonesimulator";
				SUPPORTS_MACCATALYST = NO;
				SUPPORTS_MAC_DESIGNED_FOR_IPHONE_IPAD = NO;
				SUPPORTS_XR_DESIGNED_FOR_IPHONE_IPAD = NO;
				SWIFT_EMIT_LOC_STRINGS = YES;
				SWIFT_VERSION = 5.0;
				TARGETED_DEVICE_FAMILY = 1;
			};
			name = Debug;
		};
		2C3C4BA02DFB72F6005E2C14 /* Release */ = {
			isa = XCBuildConfiguration;
			baseConfigurationReferenceAnchor = 2C3C4B952DFB72F5005E2C14 /* FoodStickerJarApp */;
			baseConfigurationReferenceRelativePath = Secrets.xcconfig;
			buildSettings = {
				ASSETCATALOG_COMPILER_APPICON_NAME = AppIcon;
				ASSETCATALOG_COMPILER_GLOBAL_ACCENT_COLOR_NAME = AccentColor;
				CODE_SIGN_ENTITLEMENTS = FoodStickerJarApp/FoodStickerJarApp.entitlements;
				CODE_SIGN_STYLE = Automatic;
				CURRENT_PROJECT_VERSION = 2;
				DEVELOPMENT_TEAM = 2MLHSW6S86;
				ENABLE_PREVIEWS = YES;
				GENERATE_INFOPLIST_FILE = YES;
				INFOPLIST_FILE = "";
				INFOPLIST_KEY_CFBundleDisplayName = Jas;
				INFOPLIST_KEY_NSCameraUsageDescription = "Use your camera to capture food!";
				INFOPLIST_KEY_UIApplicationSceneManifest_Generation = YES;
				INFOPLIST_KEY_UIApplicationSupportsIndirectInputEvents = YES;
				INFOPLIST_KEY_UILaunchScreen_Generation = YES;
				INFOPLIST_KEY_UISupportedInterfaceOrientations_iPad = "UIInterfaceOrientationPortrait UIInterfaceOrientationPortraitUpsideDown UIInterfaceOrientationLandscapeLeft UIInterfaceOrientationLandscapeRight";
				INFOPLIST_KEY_UISupportedInterfaceOrientations_iPhone = "UIInterfaceOrientationPortrait UIInterfaceOrientationLandscapeLeft UIInterfaceOrientationLandscapeRight";
				IPHONEOS_DEPLOYMENT_TARGET = 18.0;
				LD_RUNPATH_SEARCH_PATHS = (
					"$(inherited)",
					"@executable_path/Frameworks",
				);
				MARKETING_VERSION = 1.4;
				PRODUCT_BUNDLE_IDENTIFIER = yanffyy.xyz.FoodStickerJarApp;
				PRODUCT_NAME = "$(TARGET_NAME)";
				SUPPORTED_PLATFORMS = "iphoneos iphonesimulator";
				SUPPORTS_MACCATALYST = NO;
				SUPPORTS_MAC_DESIGNED_FOR_IPHONE_IPAD = NO;
				SUPPORTS_XR_DESIGNED_FOR_IPHONE_IPAD = NO;
				SWIFT_EMIT_LOC_STRINGS = YES;
				SWIFT_VERSION = 5.0;
				TARGETED_DEVICE_FAMILY = 1;
			};
			name = Release;
		};
/* End XCBuildConfiguration section */

/* Begin XCConfigurationList section */
		2C3C4B8E2DFB72F5005E2C14 /* Build configuration list for PBXProject "FoodStickerJarApp" */ = {
			isa = XCConfigurationList;
			buildConfigurations = (
				2C3C4B9C2DFB72F6005E2C14 /* Debug */,
				2C3C4B9D2DFB72F6005E2C14 /* Release */,
			);
			defaultConfigurationIsVisible = 0;
			defaultConfigurationName = Release;
		};
		2C3C4B9E2DFB72F6005E2C14 /* Build configuration list for PBXNativeTarget "FoodStickerJarApp" */ = {
			isa = XCConfigurationList;
			buildConfigurations = (
				2C3C4B9F2DFB72F6005E2C14 /* Debug */,
				2C3C4BA02DFB72F6005E2C14 /* Release */,
			);
			defaultConfigurationIsVisible = 0;
			defaultConfigurationName = Release;
		};
/* End XCConfigurationList section */

/* Begin XCRemoteSwiftPackageReference section */
		2C3C4D2B2DFCBFEC005E2C14 /* XCRemoteSwiftPackageReference "firebase-ios-sdk" */ = {
			isa = XCRemoteSwiftPackageReference;
			repositoryURL = "https://github.com/firebase/firebase-ios-sdk.git";
			requirement = {
				kind = upToNextMajorVersion;
				minimumVersion = 11.14.0;
			};
		};
		2C7E99812DFE8262002E2A07 /* XCRemoteSwiftPackageReference "Kingfisher" */ = {
			isa = XCRemoteSwiftPackageReference;
			repositoryURL = "https://github.com/onevcat/Kingfisher.git";
			requirement = {
				kind = upToNextMajorVersion;
				minimumVersion = 8.3.2;
			};
		};
		2C9321D12E05081A002A4721 /* XCRemoteSwiftPackageReference "purchases-ios" */ = {
			isa = XCRemoteSwiftPackageReference;
			repositoryURL = "https://github.com/RevenueCat/purchases-ios.git";
			requirement = {
				kind = upToNextMajorVersion;
				minimumVersion = 5.29.0;
			};
		};
/* End XCRemoteSwiftPackageReference section */

/* Begin XCSwiftPackageProductDependency section */
		2C3C4D2C2DFCBFEC005E2C14 /* FirebaseAI */ = {
			isa = XCSwiftPackageProductDependency;
			package = 2C3C4D2B2DFCBFEC005E2C14 /* XCRemoteSwiftPackageReference "firebase-ios-sdk" */;
			productName = FirebaseAI;
		};
		2C3C4D2E2DFCBFEC005E2C14 /* FirebaseAnalytics */ = {
			isa = XCSwiftPackageProductDependency;
			package = 2C3C4D2B2DFCBFEC005E2C14 /* XCRemoteSwiftPackageReference "firebase-ios-sdk" */;
			productName = FirebaseAnalytics;
		};
		2C3C4D302DFCBFEC005E2C14 /* FirebaseAnalyticsCore */ = {
			isa = XCSwiftPackageProductDependency;
			package = 2C3C4D2B2DFCBFEC005E2C14 /* XCRemoteSwiftPackageReference "firebase-ios-sdk" */;
			productName = FirebaseAnalyticsCore;
		};
		2C3C4D322DFCBFEC005E2C14 /* FirebaseAnalyticsIdentitySupport */ = {
			isa = XCSwiftPackageProductDependency;
			package = 2C3C4D2B2DFCBFEC005E2C14 /* XCRemoteSwiftPackageReference "firebase-ios-sdk" */;
			productName = FirebaseAnalyticsIdentitySupport;
		};
		2C3C4D342DFCBFEC005E2C14 /* FirebaseAuth */ = {
			isa = XCSwiftPackageProductDependency;
			package = 2C3C4D2B2DFCBFEC005E2C14 /* XCRemoteSwiftPackageReference "firebase-ios-sdk" */;
			productName = FirebaseAuth;
		};
		2C3C4D362DFCBFEC005E2C14 /* FirebaseAuthCombine-Community */ = {
			isa = XCSwiftPackageProductDependency;
			package = 2C3C4D2B2DFCBFEC005E2C14 /* XCRemoteSwiftPackageReference "firebase-ios-sdk" */;
			productName = "FirebaseAuthCombine-Community";
		};
		2C3C4D382DFCBFEC005E2C14 /* FirebaseCore */ = {
			isa = XCSwiftPackageProductDependency;
			package = 2C3C4D2B2DFCBFEC005E2C14 /* XCRemoteSwiftPackageReference "firebase-ios-sdk" */;
			productName = FirebaseCore;
		};
		2C3C4D3A2DFCBFEC005E2C14 /* FirebaseCrashlytics */ = {
			isa = XCSwiftPackageProductDependency;
			package = 2C3C4D2B2DFCBFEC005E2C14 /* XCRemoteSwiftPackageReference "firebase-ios-sdk" */;
			productName = FirebaseCrashlytics;
		};
		2C3C4D3C2DFCBFEC005E2C14 /* FirebaseDatabase */ = {
			isa = XCSwiftPackageProductDependency;
			package = 2C3C4D2B2DFCBFEC005E2C14 /* XCRemoteSwiftPackageReference "firebase-ios-sdk" */;
			productName = FirebaseDatabase;
		};
		2C3C4D3E2DFCBFEC005E2C14 /* FirebaseFirestore */ = {
			isa = XCSwiftPackageProductDependency;
			package = 2C3C4D2B2DFCBFEC005E2C14 /* XCRemoteSwiftPackageReference "firebase-ios-sdk" */;
			productName = FirebaseFirestore;
		};
		2C3C4D402DFCBFEC005E2C14 /* FirebaseFirestoreCombine-Community */ = {
			isa = XCSwiftPackageProductDependency;
			package = 2C3C4D2B2DFCBFEC005E2C14 /* XCRemoteSwiftPackageReference "firebase-ios-sdk" */;
			productName = "FirebaseFirestoreCombine-Community";
		};
		2C3C4D422DFCBFEC005E2C14 /* FirebaseFunctions */ = {
			isa = XCSwiftPackageProductDependency;
			package = 2C3C4D2B2DFCBFEC005E2C14 /* XCRemoteSwiftPackageReference "firebase-ios-sdk" */;
			productName = FirebaseFunctions;
		};
		2C3C4D442DFCBFEC005E2C14 /* FirebaseVertexAI */ = {
			isa = XCSwiftPackageProductDependency;
			package = 2C3C4D2B2DFCBFEC005E2C14 /* XCRemoteSwiftPackageReference "firebase-ios-sdk" */;
			productName = FirebaseVertexAI;
		};
		2C49A1822E049C9200256CEA /* FirebaseMessaging */ = {
			isa = XCSwiftPackageProductDependency;
			package = 2C3C4D2B2DFCBFEC005E2C14 /* XCRemoteSwiftPackageReference "firebase-ios-sdk" */;
			productName = FirebaseMessaging;
		};
		2C7E99822DFE8262002E2A07 /* Kingfisher */ = {
			isa = XCSwiftPackageProductDependency;
			package = 2C7E99812DFE8262002E2A07 /* XCRemoteSwiftPackageReference "Kingfisher" */;
			productName = Kingfisher;
		};
		2C7E99BD2DFE8320002E2A07 /* FirebaseStorage */ = {
			isa = XCSwiftPackageProductDependency;
			package = 2C3C4D2B2DFCBFEC005E2C14 /* XCRemoteSwiftPackageReference "firebase-ios-sdk" */;
			productName = FirebaseStorage;
		};
		2C9321D22E05081A002A4721 /* ReceiptParser */ = {
			isa = XCSwiftPackageProductDependency;
			package = 2C9321D12E05081A002A4721 /* XCRemoteSwiftPackageReference "purchases-ios" */;
			productName = ReceiptParser;
		};
		2C9321D62E05081A002A4721 /* RevenueCatUI */ = {
			isa = XCSwiftPackageProductDependency;
			package = 2C9321D12E05081A002A4721 /* XCRemoteSwiftPackageReference "purchases-ios" */;
			productName = RevenueCatUI;
		};
/* End XCSwiftPackageProductDependency section */
	};
	rootObject = 2C3C4B8B2DFB72F5005E2C14 /* Project object */;
}
